<?xml version="1.0" encoding="utf-8"?>
<Project ToolsVersion="4.0" xmlns="http://schemas.microsoft.com/developer/msbuild/2003">
  <ItemGroup>
    <Filter Include="emu_window">
      <UniqueIdentifier>{e3161526-9f53-4670-8dae-2be81ff01bc2}</UniqueIdentifier>
    </Filter>
  </ItemGroup>
  <ItemGroup>
    <ClCompile Include="citra.cpp" />
    <ClCompile Include="emu_window\emu_window_glfw.cpp">
      <Filter>emu_window</Filter>
    </ClCompile>
  </ItemGroup>
  <ItemGroup>
    <ClInclude Include="citra.h" />
    <ClInclude Include="resource.h" />
    <ClInclude Include="version.h" />
    <ClInclude Include="emu_window\emu_window_glfw.h">
      <Filter>emu_window</Filter>
    </ClInclude>
  </ItemGroup>
  <ItemGroup>
    <Text Include="CMakeLists.txt" />
  </ItemGroup>
</Project>