Microsoft Visual Studio Solution File, Format Version 11.00
# Visual Studio 2010
Project("{8BC9CEB8-8B4A-11D0-8D11-00A0C91BC942}") = "akiru_qt", "src\akiru_qt\akiru_qt.vcxproj", "{A587F714-490F-407A-9E36-7AB7FA0D7BAB}"
	ProjectSection(ProjectDependencies) = postProject
		{8AEA7F29-3466-4786-A10D-6A4BD0610977} = {8AEA7F29-3466-4786-A10D-6A4BD0610977}
		{6678D1A3-33A6-48A9-878B-48E5D2903D27} = {6678D1A3-33A6-48A9-878B-48E5D2903D27}
		{E34D07D0-7DE6-4C46-A00D-C20C691789E4} = {E34D07D0-7DE6-4C46-A00D-C20C691789E4}
		{DFE335FC-755D-4BAA-8452-94434F8A1EDB} = {DFE335FC-755D-4BAA-8452-94434F8A1EDB}
	EndProjectSection
EndProject
Project("{8BC9CEB8-8B4A-11D0-8D11-00A0C91BC942}") = "core", "src\core\core.vcxproj", "{8AEA7F29-3466-4786-A10D-6A4BD0610977}"
	ProjectSection(ProjectDependencies) = postProject
		{6678D1A3-33A6-48A9-878B-48E5D2903D27} = {6678D1A3-33A6-48A9-878B-48E5D2903D27}
		{E34D07D0-7DE6-4C46-A00D-C20C691789E4} = {E34D07D0-7DE6-4C46-A00D-C20C691789E4}
	EndProjectSection
EndProject
Project("{8BC9CEB8-8B4A-11D0-8D11-00A0C91BC942}") = "common", "src\common\common.vcxproj", "{DFE335FC-755D-4BAA-8452-94434F8A1EDB}"
EndProject
Project("{8BC9CEB8-8B4A-11D0-8D11-00A0C91BC942}") = "akiru", "src\akiru\akiru.vcxproj", "{CE7D2C07-21CE-4590-81AB-2ADA88A2B85F}"
EndProject
Global
	GlobalSection(SolutionConfigurationPlatforms) = preSolution
		Debug|Win32 = Debug|Win32
		Debug|x64 = Debug|x64
		Release|Win32 = Release|Win32
		Release|x64 = Release|x64
	EndGlobalSection
	GlobalSection(ProjectConfigurationPlatforms) = postSolution
		{A587F714-490F-407A-9E36-7AB7FA0D7BAB}.Debug|Win32.ActiveCfg = Debug|Win32
		{A587F714-490F-407A-9E36-7AB7FA0D7BAB}.Debug|Win32.Build.0 = Debug|Win32
		{A587F714-490F-407A-9E36-7AB7FA0D7BAB}.Debug|x64.ActiveCfg = Debug|x64
		{A587F714-490F-407A-9E36-7AB7FA0D7BAB}.Debug|x64.Build.0 = Debug|x64
		{A587F714-490F-407A-9E36-7AB7FA0D7BAB}.Release|Win32.ActiveCfg = Release|Win32
		{A587F714-490F-407A-9E36-7AB7FA0D7BAB}.Release|Win32.Build.0 = Release|Win32
		{A587F714-490F-407A-9E36-7AB7FA0D7BAB}.Release|x64.ActiveCfg = Release|x64
		{A587F714-490F-407A-9E36-7AB7FA0D7BAB}.Release|x64.Build.0 = Release|x64
		{8AEA7F29-3466-4786-A10D-6A4BD0610977}.Debug|Win32.ActiveCfg = Debug|Win32
		{8AEA7F29-3466-4786-A10D-6A4BD0610977}.Debug|Win32.Build.0 = Debug|Win32
		{8AEA7F29-3466-4786-A10D-6A4BD0610977}.Debug|x64.ActiveCfg = Debug|x64
		{8AEA7F29-3466-4786-A10D-6A4BD0610977}.Debug|x64.Build.0 = Debug|x64
		{8AEA7F29-3466-4786-A10D-6A4BD0610977}.Release|Win32.ActiveCfg = Release|Win32
		{8AEA7F29-3466-4786-A10D-6A4BD0610977}.Release|Win32.Build.0 = Release|Win32
		{8AEA7F29-3466-4786-A10D-6A4BD0610977}.Release|x64.ActiveCfg = Release|x64
		{8AEA7F29-3466-4786-A10D-6A4BD0610977}.Release|x64.Build.0 = Release|x64
		{DFE335FC-755D-4BAA-8452-94434F8A1EDB}.Debug|Win32.ActiveCfg = Debug|Win32
		{DFE335FC-755D-4BAA-8452-94434F8A1EDB}.Debug|Win32.Build.0 = Debug|Win32
		{DFE335FC-755D-4BAA-8452-94434F8A1EDB}.Debug|x64.ActiveCfg = Debug|x64
		{DFE335FC-755D-4BAA-8452-94434F8A1EDB}.Debug|x64.Build.0 = Debug|x64
		{DFE335FC-755D-4BAA-8452-94434F8A1EDB}.Release|Win32.ActiveCfg = Release|Win32
		{DFE335FC-755D-4BAA-8452-94434F8A1EDB}.Release|Win32.Build.0 = Release|Win32
		{DFE335FC-755D-4BAA-8452-94434F8A1EDB}.Release|x64.ActiveCfg = Release|x64
		{DFE335FC-755D-4BAA-8452-94434F8A1EDB}.Release|x64.Build.0 = Release|x64
		{E34D07D0-7DE6-4C46-A00D-C20C691789E4}.Debug|Win32.ActiveCfg = Debug|Win32
		{E34D07D0-7DE6-4C46-A00D-C20C691789E4}.Debug|Win32.Build.0 = Debug|Win32
		{E34D07D0-7DE6-4C46-A00D-C20C691789E4}.Debug|x64.ActiveCfg = Debug|x64
		{E34D07D0-7DE6-4C46-A00D-C20C691789E4}.Debug|x64.Build.0 = Debug|x64
		{E34D07D0-7DE6-4C46-A00D-C20C691789E4}.Release|Win32.ActiveCfg = Release|Win32
		{E34D07D0-7DE6-4C46-A00D-C20C691789E4}.Release|Win32.Build.0 = Release|Win32
		{E34D07D0-7DE6-4C46-A00D-C20C691789E4}.Release|x64.ActiveCfg = Release|x64
		{E34D07D0-7DE6-4C46-A00D-C20C691789E4}.Release|x64.Build.0 = Release|x64
		{6678D1A3-33A6-48A9-878B-48E5D2903D27}.Debug|Win32.ActiveCfg = Debug|Win32
		{6678D1A3-33A6-48A9-878B-48E5D2903D27}.Debug|Win32.Build.0 = Debug|Win32
		{6678D1A3-33A6-48A9-878B-48E5D2903D27}.Debug|x64.ActiveCfg = Debug|x64
		{6678D1A3-33A6-48A9-878B-48E5D2903D27}.Debug|x64.Build.0 = Debug|x64
		{6678D1A3-33A6-48A9-878B-48E5D2903D27}.Release|Win32.ActiveCfg = Release|Win32
		{6678D1A3-33A6-48A9-878B-48E5D2903D27}.Release|Win32.Build.0 = Release|Win32
		{6678D1A3-33A6-48A9-878B-48E5D2903D27}.Release|x64.ActiveCfg = Release|x64
		{6678D1A3-33A6-48A9-878B-48E5D2903D27}.Release|x64.Build.0 = Release|x64
		{CE7D2C07-21CE-4590-81AB-2ADA88A2B85F}.Debug|Win32.ActiveCfg = Debug|Win32
		{CE7D2C07-21CE-4590-81AB-2ADA88A2B85F}.Debug|Win32.Build.0 = Debug|Win32
		{CE7D2C07-21CE-4590-81AB-2ADA88A2B85F}.Debug|x64.ActiveCfg = Debug|x64
		{CE7D2C07-21CE-4590-81AB-2ADA88A2B85F}.Debug|x64.Build.0 = Debug|x64
		{CE7D2C07-21CE-4590-81AB-2ADA88A2B85F}.Release|Win32.ActiveCfg = Release|Win32
		{CE7D2C07-21CE-4590-81AB-2ADA88A2B85F}.Release|Win32.Build.0 = Release|Win32
		{CE7D2C07-21CE-4590-81AB-2ADA88A2B85F}.Release|x64.ActiveCfg = Release|x64
		{CE7D2C07-21CE-4590-81AB-2ADA88A2B85F}.Release|x64.Build.0 = Release|x64
	EndGlobalSection
	GlobalSection(SolutionProperties) = preSolution
		HideSolutionNode = FALSE
	EndGlobalSection
EndGlobal
