<?xml version="1.0" encoding="utf-8"?>
<Project ToolsVersion="4.0" xmlns="http://schemas.microsoft.com/developer/msbuild/2003">
  <ItemGroup>
    <Filter Include="qhexedit">
      <UniqueIdentifier>{dede739c-939b-4147-9e72-4a326b97d237}</UniqueIdentifier>
    </Filter>
    <Filter Include="config">
      <UniqueIdentifier>{80178741-d3ab-4031-892c-ec58490ea8bf}</UniqueIdentifier>
    </Filter>
    <Filter Include="debugger">
      <UniqueIdentifier>{9495d0e7-87d6-4fe1-92f1-cfa1bbec7025}</UniqueIdentifier>
    </Filter>
  </ItemGroup>
  <ItemGroup>
    <ClCompile Include="..\..\externals\qhexedit\commands.cpp">
      <Filter>qhexedit</Filter>
    </ClCompile>
    <ClCompile Include="..\..\externals\qhexedit\qhexedit.cpp">
      <Filter>qhexedit</Filter>
    </ClCompile>
    <ClCompile Include="..\..\externals\qhexedit\qhexedit_p.cpp">
      <Filter>qhexedit</Filter>
    </ClCompile>
    <ClCompile Include="..\..\externals\qhexedit\xbytearray.cpp">
      <Filter>qhexedit</Filter>
    </ClCompile>
    <ClCompile Include="bootmanager.cpp" />
    <ClCompile Include="hotkeys.cpp" />
    <ClCompile Include="main.cpp" />
    <ClCompile Include="config\controller_config.cpp">
      <Filter>config</Filter>
    </ClCompile>
    <ClCompile Include="config\controller_config_util.cpp">
      <Filter>config</Filter>
    </ClCompile>
    <ClCompile Include="debugger\callstack.cpp">
      <Filter>debugger</Filter>
    </ClCompile>
    <ClCompile Include="debugger\disassembler.cpp">
      <Filter>debugger</Filter>
    </ClCompile>
    <ClCompile Include="debugger\graphics.cpp">
      <Filter>debugger</Filter>
    </ClCompile>
    <ClCompile Include="debugger\ramview.cpp">
      <Filter>debugger</Filter>
    </ClCompile>
    <ClCompile Include="debugger\registers.cpp">
      <Filter>debugger</Filter>
    </ClCompile>
  </ItemGroup>
  <ItemGroup>
    <MOC Include="..\..\externals\qhexedit\commands.h">
      <Filter>qhexedit</Filter>
    </MOC>
    <MOC Include="..\..\externals\qhexedit\xbytearray.h">
      <Filter>qhexedit</Filter>
    </MOC>
    <MOC Include="..\..\externals\qhexedit\qhexedit_p.h">
      <Filter>qhexedit</Filter>
    </MOC>
    <MOC Include="..\..\externals\qhexedit\qhexedit.h">
      <Filter>qhexedit</Filter>
    </MOC>
    <MOC Include="bootmanager.hxx" />
    <MOC Include="hotkeys.hxx" />
    <MOC Include="main.hxx" />
    <MOC Include="debugger\callstack.hxx">
      <Filter>debugger</Filter>
    </MOC>
    <MOC Include="debugger\disassembler.hxx">
      <Filter>debugger</Filter>
    </MOC>
    <MOC Include="debugger\graphics.hxx">
      <Filter>debugger</Filter>
    </MOC>
    <MOC Include="debugger\ramview.hxx">
      <Filter>debugger</Filter>
    </MOC>
    <MOC Include="debugger\registers.hxx">
      <Filter>debugger</Filter>
    </MOC>
  </ItemGroup>
  <ItemGroup>
    <ClInclude Include="version.h" />
    <ClInclude Include="config\controller_config.hxx">
      <Filter>config</Filter>
    </ClInclude>
    <ClInclude Include="config\controller_config_util.hxx">
      <Filter>config</Filter>
    </ClInclude>
    <ClInclude Include="ui_controller_config.h">
      <Filter>config</Filter>
    </ClInclude>
  </ItemGroup>
  <ItemGroup>
    <UIC Include="hotkeys.ui" />
    <UIC Include="main.ui" />
    <UIC Include="config\controller_config.ui">
      <Filter>config</Filter>
    </UIC>
    <UIC Include="debugger\callstack.ui">
      <Filter>debugger</Filter>
    </UIC>
    <UIC Include="debugger\disassembler.ui">
      <Filter>debugger</Filter>
    </UIC>
    <UIC Include="debugger\registers.ui">
      <Filter>debugger</Filter>
    </UIC>
  </ItemGroup>
  <ItemGroup>
    <Text Include="CMakeLists.txt" />
  </ItemGroup>
</Project>
