<?xml version="1.0" encoding="utf-8"?>
<Project ToolsVersion="4.0" xmlns="http://schemas.microsoft.com/developer/msbuild/2003">
  <ItemGroup>
    <Filter Include="arm">
      <UniqueIdentifier>{b84ab55c-588b-45f0-a5ba-f9ebb0442f13}</UniqueIdentifier>
    </Filter>
    <Filter Include="arm\disassembler">
      <UniqueIdentifier>{61100188-a726-4024-ab16-95ee242b446e}</UniqueIdentifier>
    </Filter>
    <Filter Include="arm\mmu">
      <UniqueIdentifier>{a64d3c8a-747a-491b-b782-6e2622bedf24}</UniqueIdentifier>
    </Filter>
    <Filter Include="file_sys">
      <UniqueIdentifier>{7f618562-73d1-4f55-9628-887497c27654}</UniqueIdentifier>
    </Filter>
    <Filter Include="arm\interpreter">
      <UniqueIdentifier>{cca8b763-8a80-4478-9bcc-3c979293c357}</UniqueIdentifier>
    </Filter>
    <Filter Include="hw">
      <UniqueIdentifier>{d1158fc4-3e0f-431f-9d3b-f30bbfeb4ad5}</UniqueIdentifier>
    </Filter>
    <Filter Include="elf">
      <UniqueIdentifier>{7ae34319-6d72-4d12-bc62-9b438ba9241f}</UniqueIdentifier>
    </Filter>
    <Filter Include="hle">
      <UniqueIdentifier>{8b62769e-3e2a-4a57-a7bc-b3b2933c2bc7}</UniqueIdentifier>
    </Filter>
    <Filter Include="hle\service">
      <UniqueIdentifier>{812c5189-ca49-4704-b842-3ffad09092d3}</UniqueIdentifier>
    </Filter>
  </ItemGroup>
  <ItemGroup>
    <ClCompile Include="arm\disassembler\arm_disasm.cpp">
      <Filter>arm\disassembler</Filter>
    </ClCompile>
    <ClCompile Include="arm\interpreter\arm_interpreter.cpp">
      <Filter>arm\interpreter</Filter>
    </ClCompile>
    <ClCompile Include="arm\interpreter\armemu.cpp">
      <Filter>arm\interpreter</Filter>
    </ClCompile>
    <ClCompile Include="arm\interpreter\arminit.cpp">
      <Filter>arm\interpreter</Filter>
    </ClCompile>
    <ClCompile Include="arm\interpreter\armmmu.cpp">
      <Filter>arm\interpreter</Filter>
    </ClCompile>
    <ClCompile Include="arm\interpreter\armos.cpp">
      <Filter>arm\interpreter</Filter>
    </ClCompile>
    <ClCompile Include="arm\interpreter\armsupp.cpp">
      <Filter>arm\interpreter</Filter>
    </ClCompile>
    <ClCompile Include="arm\interpreter\armvirt.cpp">
      <Filter>arm\interpreter</Filter>
    </ClCompile>
    <ClCompile Include="arm\interpreter\thumbemu.cpp">
      <Filter>arm\interpreter</Filter>
    </ClCompile>
    <ClCompile Include="arm\mmu\arm1176jzf_s_mmu.cpp">
      <Filter>arm\mmu</Filter>
    </ClCompile>
    <ClCompile Include="file_sys\directory_file_system.cpp">
      <Filter>file_sys</Filter>
    </ClCompile>
    <ClCompile Include="file_sys\meta_file_system.cpp">
      <Filter>file_sys</Filter>
    </ClCompile>
    <ClCompile Include="hw\hw.cpp">
      <Filter>hw</Filter>
    </ClCompile>
    <ClCompile Include="hw\hw_lcd.cpp">
      <Filter>hw</Filter>
    </ClCompile>
    <ClCompile Include="elf\elf_reader.cpp">
      <Filter>elf</Filter>
    </ClCompile>
    <ClCompile Include="core.cpp" />
    <ClCompile Include="loader.cpp" />
    <ClCompile Include="mem_map.cpp" />
    <ClCompile Include="mem_map_funcs.cpp" />
    <ClCompile Include="system.cpp" />
    <ClCompile Include="core_timing.cpp" />
    <ClCompile Include="hle\hle.cpp">
      <Filter>hle</Filter>
    </ClCompile>
    <ClCompile Include="hle\syscall.cpp">
      <Filter>hle</Filter>
    </ClCompile>
    <ClCompile Include="hle\service\service.cpp">
      <Filter>hle\service</Filter>
    </ClCompile>
  </ItemGroup>
  <ItemGroup>
    <ClInclude Include="arm\disassembler\arm_disasm.h">
      <Filter>arm\disassembler</Filter>
    </ClInclude>
    <ClInclude Include="arm\interpreter\arm_interpreter.h">
      <Filter>arm\interpreter</Filter>
    </ClInclude>
    <ClInclude Include="arm\interpreter\arm_regformat.h">
      <Filter>arm\interpreter</Filter>
    </ClInclude>
    <ClInclude Include="arm\interpreter\armcpu.h">
      <Filter>arm\interpreter</Filter>
    </ClInclude>
    <ClInclude Include="arm\interpreter\armdefs.h">
      <Filter>arm\interpreter</Filter>
    </ClInclude>
    <ClInclude Include="arm\interpreter\armemu.h">
      <Filter>arm\interpreter</Filter>
    </ClInclude>
    <ClInclude Include="arm\interpreter\armmmu.h">
      <Filter>arm\interpreter</Filter>
    </ClInclude>
    <ClInclude Include="arm\interpreter\armos.h">
      <Filter>arm\interpreter</Filter>
    </ClInclude>
    <ClInclude Include="arm\interpreter\skyeye_defs.h">
      <Filter>arm\interpreter</Filter>
    </ClInclude>
    <ClInclude Include="arm\mmu\arm1176jzf_s_mmu.h">
      <Filter>arm\mmu</Filter>
    </ClInclude>
    <ClInclude Include="arm\mmu\cache.h">
      <Filter>arm\mmu</Filter>
    </ClInclude>
    <ClInclude Include="arm\mmu\rb.h">
      <Filter>arm\mmu</Filter>
    </ClInclude>
    <ClInclude Include="arm\mmu\tlb.h">
      <Filter>arm\mmu</Filter>
    </ClInclude>
    <ClInclude Include="arm\mmu\wb.h">
      <Filter>arm\mmu</Filter>
    </ClInclude>
    <ClInclude Include="file_sys\directory_file_system.h">
      <Filter>file_sys</Filter>
    </ClInclude>
    <ClInclude Include="file_sys\file_sys.h">
      <Filter>file_sys</Filter>
    </ClInclude>
    <ClInclude Include="file_sys\meta_file_system.h">
      <Filter>file_sys</Filter>
    </ClInclude>
    <ClInclude Include="hw\hw.h">
      <Filter>hw</Filter>
    </ClInclude>
    <ClInclude Include="hw\hw_lcd.h">
      <Filter>hw</Filter>
    </ClInclude>
    <ClInclude Include="elf\elf_reader.h">
      <Filter>elf</Filter>
    </ClInclude>
    <ClInclude Include="elf\elf_types.h">
      <Filter>elf</Filter>
    </ClInclude>
    <ClInclude Include="arm\arm_interface.h">
      <Filter>arm</Filter>
    </ClInclude>
    <ClInclude Include="core.h" />
    <ClInclude Include="core_timing.h" />
    <ClInclude Include="loader.h" />
    <ClInclude Include="mem_map.h" />
    <ClInclude Include="system.h" />
    <ClInclude Include="hle\hle.h">
      <Filter>hle</Filter>
    </ClInclude>
    <ClInclude Include="hle\function_wrappers.h">
      <Filter>hle</Filter>
    </ClInclude>
    <ClInclude Include="hle\service\service.h">
      <Filter>hle\service</Filter>
    </ClInclude>
    <ClInclude Include="hle\syscall.h">
      <Filter>hle</Filter>
    </ClInclude>
  </ItemGroup>
  <ItemGroup>
    <Text Include="CMakeLists.txt" />
  </ItemGroup>
</Project>