<?xml version="1.0" encoding="utf-8"?>
<Project ToolsVersion="4.0" xmlns="http://schemas.microsoft.com/developer/msbuild/2003">
  <ItemGroup>
    <ClCompile Include="src\core.cpp" />
    <ClCompile Include="src\arm\disassembler\arm_disasm.cpp">
      <Filter>arm\disassembler</Filter>
    </ClCompile>
    <ClCompile Include="src\mem_map.cpp" />
    <ClCompile Include="src\arm\arminit.cpp">
      <Filter>arm</Filter>
    </ClCompile>
    <ClCompile Include="src\arm\armemu.cpp">
      <Filter>arm</Filter>
    </ClCompile>
    <ClCompile Include="src\mem_map_funcs.cpp" />
    <ClCompile Include="src\loader.cpp" />
    <ClCompile Include="src\file_sys\directory_file_system.cpp">
      <Filter>file_sys</Filter>
    </ClCompile>
    <ClCompile Include="src\file_sys\meta_file_system.cpp">
      <Filter>file_sys</Filter>
    </ClCompile>
    <ClCompile Include="src\system.cpp" />
    <ClCompile Include="src\core_timing.cpp" />
    <ClCompile Include="src\elf\elf_reader.cpp">
      <Filter>elf</Filter>
    </ClCompile>
    <ClCompile Include="src\arm\armsupp.cpp">
      <Filter>arm</Filter>
    </ClCompile>
    <ClCompile Include="src\arm\armvirt.cpp">
      <Filter>arm</Filter>
    </ClCompile>
    <ClCompile Include="src\arm\armmmu.cpp">
      <Filter>arm</Filter>
    </ClCompile>
    <ClCompile Include="src\arm\armos.cpp">
      <Filter>arm</Filter>
    </ClCompile>
    <ClCompile Include="src\arm\mmu\arm1176jzf_s_mmu.cpp">
      <Filter>arm\mmu</Filter>
    </ClCompile>
    <ClCompile Include="src\arm\thumbemu.cpp">
      <Filter>arm</Filter>
    </ClCompile>
  </ItemGroup>
  <ItemGroup>
    <Filter Include="arm">
      <UniqueIdentifier>{b84ab55c-588b-45f0-a5ba-f9ebb0442f13}</UniqueIdentifier>
    </Filter>
    <Filter Include="arm\disassembler">
      <UniqueIdentifier>{61100188-a726-4024-ab16-95ee242b446e}</UniqueIdentifier>
    </Filter>
    <Filter Include="arm\mmu">
      <UniqueIdentifier>{a64d3c8a-747a-491b-b782-6e2622bedf24}</UniqueIdentifier>
    </Filter>
    <Filter Include="file_sys">
      <UniqueIdentifier>{7f618562-73d1-4f55-9628-887497c27654}</UniqueIdentifier>
    </Filter>
    <Filter Include="elf">
      <UniqueIdentifier>{671d3218-3771-4218-b142-1f9a1cc24a51}</UniqueIdentifier>
    </Filter>
  </ItemGroup>
  <ItemGroup>
    <ClInclude Include="src\arm\disassembler\arm_disasm.h">
      <Filter>arm\disassembler</Filter>
    </ClInclude>
    <ClInclude Include="src\mem_map.h" />
    <ClInclude Include="src\core.h" />
    <ClInclude Include="src\arm\armdefs.h">
      <Filter>arm</Filter>
    </ClInclude>
    <ClInclude Include="src\arm\armemu.h">
      <Filter>arm</Filter>
    </ClInclude>
    <ClInclude Include="src\arm\skyeye_defs.h">
      <Filter>arm</Filter>
    </ClInclude>
    <ClInclude Include="src\arm\arm_regformat.h">
      <Filter>arm</Filter>
    </ClInclude>
    <ClInclude Include="src\arm\armos.h">
      <Filter>arm</Filter>
    </ClInclude>
    <ClInclude Include="src\arm\armmmu.h">
      <Filter>arm</Filter>
    </ClInclude>
    <ClInclude Include="src\arm\armcpu.h">
      <Filter>arm</Filter>
    </ClInclude>
    <ClInclude Include="src\arm\mmu\arm1176jzf_s_mmu.h">
      <Filter>arm\mmu</Filter>
    </ClInclude>
    <ClInclude Include="src\arm\mmu\cache.h">
      <Filter>arm\mmu</Filter>
    </ClInclude>
    <ClInclude Include="src\arm\mmu\rb.h">
      <Filter>arm\mmu</Filter>
    </ClInclude>
    <ClInclude Include="src\arm\mmu\tlb.h">
      <Filter>arm\mmu</Filter>
    </ClInclude>
    <ClInclude Include="src\arm\mmu\wb.h">
      <Filter>arm\mmu</Filter>
    </ClInclude>
    <ClInclude Include="src\loader.h" />
    <ClInclude Include="src\file_sys\file_sys.h">
      <Filter>file_sys</Filter>
    </ClInclude>
    <ClInclude Include="src\file_sys\directory_file_system.h">
      <Filter>file_sys</Filter>
    </ClInclude>
    <ClInclude Include="src\file_sys\meta_file_system.h">
      <Filter>file_sys</Filter>
    </ClInclude>
    <ClInclude Include="src\system.h" />
    <ClInclude Include="src\core_timing.h" />
    <ClInclude Include="src\elf\elf_reader.h">
      <Filter>elf</Filter>
    </ClInclude>
    <ClInclude Include="src\elf\elf_types.h">
      <Filter>elf</Filter>
    </ClInclude>
  </ItemGroup>
  <ItemGroup>
    <None Include="CMakeLists.txt" />
  </ItemGroup>
</Project>