<?xml version="1.0" encoding="utf-8"?>
<Project ToolsVersion="4.0" xmlns="http://schemas.microsoft.com/developer/msbuild/2003">
  <ItemGroup>
    <ClCompile Include="src\break_points.cpp" />
    <ClCompile Include="src\console_listener.cpp" />
    <ClCompile Include="src\extended_trace.cpp" />
    <ClCompile Include="src\file_search.cpp" />
    <ClCompile Include="src\file_util.cpp" />
    <ClCompile Include="src\hash.cpp" />
    <ClCompile Include="src\log_manager.cpp" />
    <ClCompile Include="src\math_util.cpp" />
    <ClCompile Include="src\memory_util.cpp" />
    <ClCompile Include="src\mem_arena.cpp" />
    <ClCompile Include="src\misc.cpp" />
    <ClCompile Include="src\msg_handler.cpp" />
    <ClCompile Include="src\string_util.cpp" />
    <ClCompile Include="src\thread.cpp" />
    <ClCompile Include="src\timer.cpp" />
    <ClCompile Include="src\version.cpp" />
    <ClCompile Include="src\utf8.cpp" />
    <ClCompile Include="src\file_sys_directory.cpp" />
  </ItemGroup>
  <ItemGroup>
    <ClInclude Include="src\atomic.h" />
    <ClInclude Include="src\break_points.h" />
    <ClInclude Include="src\chunk_file.h" />
    <ClInclude Include="src\common.h" />
    <ClInclude Include="src\common_funcs.h" />
    <ClInclude Include="src\common_paths.h" />
    <ClInclude Include="src\common_types.h" />
    <ClInclude Include="src\console_listener.h" />
    <ClInclude Include="src\cpu_detect.h" />
    <ClInclude Include="src\debug_interface.h" />
    <ClInclude Include="src\extended_trace.h" />
    <ClInclude Include="src\fifo_queue.h" />
    <ClInclude Include="src\file_search.h" />
    <ClInclude Include="src\file_util.h" />
    <ClInclude Include="src\fixed_size_queue.h" />
    <ClInclude Include="src\hash.h" />
    <ClInclude Include="src\linear_disk_cache.h" />
    <ClInclude Include="src\log.h" />
    <ClInclude Include="src\log_manager.h" />
    <ClInclude Include="src\math_util.h" />
    <ClInclude Include="src\memory_util.h" />
    <ClInclude Include="src\mem_arena.h" />
    <ClInclude Include="src\msg_handler.h" />
    <ClInclude Include="src\scm_rev.h" />
    <ClInclude Include="src\std_condition_variable.h" />
    <ClInclude Include="src\std_mutex.h" />
    <ClInclude Include="src\std_thread.h" />
    <ClInclude Include="src\string_util.h" />
    <ClInclude Include="src\thread.h" />
    <ClInclude Include="src\thunk.h" />
    <ClInclude Include="src\timer.h" />
    <ClInclude Include="src\atomic_gcc.h" />
    <ClInclude Include="src\atomic_win32.h" />
    <ClInclude Include="src\emu_window.h" />
    <ClInclude Include="src\platform.h" />
    <ClInclude Include="src\swap.h" />
    <ClInclude Include="src\utf8.h" />
    <ClInclude Include="src\file_sys.h" />
    <ClInclude Include="src\file_sys_directory.h" />
  </ItemGroup>
  <ItemGroup>
    <None Include="CMakeLists.txt" />
  </ItemGroup>
</Project>